
Microsoft Visual Studio Solution File, Format Version 12.00
# Visual Studio Version 17
VisualStudioVersion = 17.14.36221.1
MinimumVisualStudioVersion = 10.0.40219.1
Project("{FAE04EC0-301F-11D3-BF4B-00C04F79EFBC}") = "LM01_UI", "LM01_UI.csproj", "{090424FF-4B51-4CF1-AB9E-96D8406A4C87}"
EndProject
Global
	GlobalSection(SolutionConfigurationPlatforms) = preSolution
		Debug|Any CPU = Debug|Any CPU
		Release|Any CPU = Release|Any CPU
	EndGlobalSection
	GlobalSection(ProjectConfigurationPlatforms) = postSolution
		{090424FF-4B51-4CF1-AB9E-96D8406A4C87}.Debug|Any CPU.ActiveCfg = Debug|Any CPU
		{090424FF-4B51-4CF1-AB9E-96D8406A4C87}.Debug|Any CPU.Build.0 = Debug|Any CPU
		{090424FF-4B51-4CF1-AB9E-96D8406A4C87}.Release|Any CPU.ActiveCfg = Release|Any CPU
		{090424FF-4B51-4CF1-AB9E-96D8406A4C87}.Release|Any CPU.Build.0 = Release|Any CPU
	EndGlobalSection
	GlobalSection(SolutionProperties) = preSolution
		HideSolutionNode = FALSE
	EndGlobalSection
	GlobalSection(ExtensibilityGlobals) = postSolution
		SolutionGuid = {444560A9-DE44-4DB6-833A-F2C290559C3C}
	EndGlobalSection
EndGlobal
